{
    "_meta": {
        "hash": {
            "sha256": "da5d6c8daee7f6e2cb6b7d40c95fb990ae339085a2c605bdba3c3279d79929cb"
        },
        "pipfile-spec": 6,
        "requires": {
            "python_version": "3.8"
        },
        "sources": [
            {
                "name": "pypi",
                "url": "https://pypi.org/simple",
                "verify_ssl": true
            }
        ]
    },
    "default": {
        "graphviz": {
            "hashes": [
                "sha256:241fb099e32b8e8c2acca747211c8237e40c0b89f24b1622860075d59f4c4b25",
                "sha256:60acbeee346e8c14555821eab57dbf68a169e6c10bce40e83c1bf44f63a62a01"
            ],
            "index": "pypi",
            "version": "==0.13.2"
        },
        "tabulate": {
            "hashes": [
                "sha256:5470cc6687a091c7042cee89b2946d9235fe9f6d49c193a4ae2ac7bf386737c8"
            ],
            "index": "pypi",
            "version": "==0.8.6"
        }
    },
    "develop": {}
}
